
Microsoft Visual Studio Solution File, Format Version 12.00
# Visual Studio Version 16
VisualStudioVersion = 16.0.30330.147
MinimumVisualStudioVersion = 10.0.40219.1
Project("{FAE04EC0-301F-11D3-BF4B-00C04F79EFBC}") = "WeatherJSON1_12_17_2018.Models", "WeatherJSON1_12_17_2018.Models\WeatherJSON1_12_17_2018.Models.csproj", "{1CE7FDAB-0FA7-4B3D-A489-BA7CF477C57C}"
EndProject
Global
	GlobalSection(SolutionConfigurationPlatforms) = preSolution
		Debug|ARM = Debug|ARM
		Debug|ARM64 = Debug|ARM64
		Debug|x64 = Debug|x64
		Debug|x86 = Debug|x86
		Release|ARM = Release|ARM
		Release|ARM64 = Release|ARM64
		Release|x64 = Release|x64
		Release|x86 = Release|x86
	EndGlobalSection
	GlobalSection(ProjectConfigurationPlatforms) = postSolution
		{1CE7FDAB-0FA7-4B3D-A489-BA7CF477C57C}.Debug|ARM.ActiveCfg = Debug|ARM
		{1CE7FDAB-0FA7-4B3D-A489-BA7CF477C57C}.Debug|ARM.Build.0 = Debug|ARM
		{1CE7FDAB-0FA7-4B3D-A489-BA7CF477C57C}.Debug|ARM.Deploy.0 = Debug|ARM
		{1CE7FDAB-0FA7-4B3D-A489-BA7CF477C57C}.Debug|ARM64.ActiveCfg = Debug|ARM64
		{1CE7FDAB-0FA7-4B3D-A489-BA7CF477C57C}.Debug|ARM64.Build.0 = Debug|ARM64
		{1CE7FDAB-0FA7-4B3D-A489-BA7CF477C57C}.Debug|ARM64.Deploy.0 = Debug|ARM64
		{1CE7FDAB-0FA7-4B3D-A489-BA7CF477C57C}.Debug|x64.ActiveCfg = Debug|x64
		{1CE7FDAB-0FA7-4B3D-A489-BA7CF477C57C}.Debug|x64.Build.0 = Debug|x64
		{1CE7FDAB-0FA7-4B3D-A489-BA7CF477C57C}.Debug|x64.Deploy.0 = Debug|x64
		{1CE7FDAB-0FA7-4B3D-A489-BA7CF477C57C}.Debug|x86.ActiveCfg = Debug|x86
		{1CE7FDAB-0FA7-4B3D-A489-BA7CF477C57C}.Debug|x86.Build.0 = Debug|x86
		{1CE7FDAB-0FA7-4B3D-A489-BA7CF477C57C}.Debug|x86.Deploy.0 = Debug|x86
		{1CE7FDAB-0FA7-4B3D-A489-BA7CF477C57C}.Release|ARM.ActiveCfg = Release|ARM
		{1CE7FDAB-0FA7-4B3D-A489-BA7CF477C57C}.Release|ARM.Build.0 = Release|ARM
		{1CE7FDAB-0FA7-4B3D-A489-BA7CF477C57C}.Release|ARM.Deploy.0 = Release|ARM
		{1CE7FDAB-0FA7-4B3D-A489-BA7CF477C57C}.Release|ARM64.ActiveCfg = Release|ARM64
		{1CE7FDAB-0FA7-4B3D-A489-BA7CF477C57C}.Release|ARM64.Build.0 = Release|ARM64
		{1CE7FDAB-0FA7-4B3D-A489-BA7CF477C57C}.Release|ARM64.Deploy.0 = Release|ARM64
		{1CE7FDAB-0FA7-4B3D-A489-BA7CF477C57C}.Release|x64.ActiveCfg = Release|x64
		{1CE7FDAB-0FA7-4B3D-A489-BA7CF477C57C}.Release|x64.Build.0 = Release|x64
		{1CE7FDAB-0FA7-4B3D-A489-BA7CF477C57C}.Release|x64.Deploy.0 = Release|x64
		{1CE7FDAB-0FA7-4B3D-A489-BA7CF477C57C}.Release|x86.ActiveCfg = Release|x86
		{1CE7FDAB-0FA7-4B3D-A489-BA7CF477C57C}.Release|x86.Build.0 = Release|x86
		{1CE7FDAB-0FA7-4B3D-A489-BA7CF477C57C}.Release|x86.Deploy.0 = Release|x86
	EndGlobalSection
	GlobalSection(SolutionProperties) = preSolution
		HideSolutionNode = FALSE
	EndGlobalSection
	GlobalSection(ExtensibilityGlobals) = postSolution
		SolutionGuid = {0A0C0074-086B-4952-BA70-B416890015F1}
	EndGlobalSection
EndGlobal
